
Microsoft Visual Studio Solution File, Format Version 12.00
# 
Project("{FAE04EC0-301F-11D3-BF4B-00C04F79EFBC}") = "DidYouMean", "DidYouMean\DidYouMean.csproj", "{83F09928-BF95-41FE-8A97-7EA0A07474BC}"
EndProject
Project("{FAE04EC0-301F-11D3-BF4B-00C04F79EFBC}") = "PlayingWithDigits", "PlayingWithDigits\PlayingWithDigits.csproj", "{4E6804C0-1127-4357-BDC1-CF3D88F72D21}"
EndProject
Project("{FAE04EC0-301F-11D3-BF4B-00C04F79EFBC}") = "CountingDuplicates", "CountingDuplicates\CountingDuplicates.csproj", "{511C8648-692E-4C3B-A850-82FF8531FBB7}"
EndProject
Project("{FAE04EC0-301F-11D3-BF4B-00C04F79EFBC}") = "CountIdAddress", "CountIdAddress\CountIdAddress.csproj", "{B5C4A04D-AF58-41D9-9B3F-F36B744CD781}"
EndProject
Project("{FAE04EC0-301F-11D3-BF4B-00C04F79EFBC}") = "RomanToInt", "RomanToInt\RomanToInt.csproj", "{4BF9E5E6-99BE-4AB3-80CE-A25D45AF5DE2}"
EndProject
Global
	GlobalSection(SolutionConfigurationPlatforms) = preSolution
		Debug|Any CPU = Debug|Any CPU
		Release|Any CPU = Release|Any CPU
	EndGlobalSection
	GlobalSection(ProjectConfigurationPlatforms) = postSolution
		{83F09928-BF95-41FE-8A97-7EA0A07474BC}.Debug|Any CPU.ActiveCfg = Debug|Any CPU
		{83F09928-BF95-41FE-8A97-7EA0A07474BC}.Debug|Any CPU.Build.0 = Debug|Any CPU
		{83F09928-BF95-41FE-8A97-7EA0A07474BC}.Release|Any CPU.ActiveCfg = Release|Any CPU
		{83F09928-BF95-41FE-8A97-7EA0A07474BC}.Release|Any CPU.Build.0 = Release|Any CPU
		{4E6804C0-1127-4357-BDC1-CF3D88F72D21}.Debug|Any CPU.ActiveCfg = Debug|Any CPU
		{4E6804C0-1127-4357-BDC1-CF3D88F72D21}.Debug|Any CPU.Build.0 = Debug|Any CPU
		{4E6804C0-1127-4357-BDC1-CF3D88F72D21}.Release|Any CPU.ActiveCfg = Release|Any CPU
		{4E6804C0-1127-4357-BDC1-CF3D88F72D21}.Release|Any CPU.Build.0 = Release|Any CPU
		{511C8648-692E-4C3B-A850-82FF8531FBB7}.Debug|Any CPU.ActiveCfg = Debug|Any CPU
		{511C8648-692E-4C3B-A850-82FF8531FBB7}.Debug|Any CPU.Build.0 = Debug|Any CPU
		{511C8648-692E-4C3B-A850-82FF8531FBB7}.Release|Any CPU.ActiveCfg = Release|Any CPU
		{511C8648-692E-4C3B-A850-82FF8531FBB7}.Release|Any CPU.Build.0 = Release|Any CPU
		{B5C4A04D-AF58-41D9-9B3F-F36B744CD781}.Debug|Any CPU.ActiveCfg = Debug|Any CPU
		{B5C4A04D-AF58-41D9-9B3F-F36B744CD781}.Debug|Any CPU.Build.0 = Debug|Any CPU
		{B5C4A04D-AF58-41D9-9B3F-F36B744CD781}.Release|Any CPU.ActiveCfg = Release|Any CPU
		{B5C4A04D-AF58-41D9-9B3F-F36B744CD781}.Release|Any CPU.Build.0 = Release|Any CPU
		{4BF9E5E6-99BE-4AB3-80CE-A25D45AF5DE2}.Debug|Any CPU.ActiveCfg = Debug|Any CPU
		{4BF9E5E6-99BE-4AB3-80CE-A25D45AF5DE2}.Debug|Any CPU.Build.0 = Debug|Any CPU
		{4BF9E5E6-99BE-4AB3-80CE-A25D45AF5DE2}.Release|Any CPU.ActiveCfg = Release|Any CPU
		{4BF9E5E6-99BE-4AB3-80CE-A25D45AF5DE2}.Release|Any CPU.Build.0 = Release|Any CPU
	EndGlobalSection
EndGlobal
